{
  "name": "kuaixun-desktop",
  "version": "1.0.0",
  "lockfileVersion": 1,
  "requires": true,
  "dependencies": {
    "@ernestchakhoyan/electron-windows-badge": {
      "version": "1.1.2",
      "resolved": "https://registry.npmjs.org/@ernestchakhoyan/electron-windows-badge/-/electron-windows-badge-1.1.2.tgz",
      "integrity": "sha512-2ioyUAVqxv44l5thSbKbSaDAn9xaOxoz/Er70hZGAxbA4pVxq0BFscrjgFexwn9gsN6wc2dELGI5TM3ezwAlXQ=="
    },
    "electron-badge": {
      "version": "0.3.2",
      "resolved": "https://registry.npmjs.org/electron-badge/-/electron-badge-0.3.2.tgz",
      "integrity": "sha512-1bS4buWpwqOU4rKg8/6vJJAqy6mk3s2ebz00FAo8dOBRowBOa72zbgUgeSpHNnZYeqQV62LUe2XFaTEDmdbPIQ=="
    },
    "electron-windows-badge": {
      "version": "1.0.5",
      "resolved": "https://registry.npmjs.org/electron-windows-badge/-/electron-windows-badge-1.0.5.tgz",
      "integrity": "sha512-khEdgNmszS8+xZwQkTmcpqG3NCIuooryDF760T95zcC1CB5YeBBGhhmKGVcyQkWKTeZ4RXcyqqXbmjesTfeU5A=="
    }
  }
}
